
Microsoft Visual Studio Solution File, Format Version 12.00
# Visual Studio Version 16
VisualStudioVersion = 16.0.30907.101
MinimumVisualStudioVersion = 10.0.40219.1
Project("{FAE04EC0-301F-11D3-BF4B-00C04F79EFBC}") = "Ejercicio1", "Ejercicio1\Ejercicio1.csproj", "{8BE05AF8-4D58-4BE7-9B63-9778256180CA}"
EndProject
Global
	GlobalSection(SolutionConfigurationPlatforms) = preSolution
		Debug|Any CPU = Debug|Any CPU
		Release|Any CPU = Release|Any CPU
	EndGlobalSection
	GlobalSection(ProjectConfigurationPlatforms) = postSolution
		{8BE05AF8-4D58-4BE7-9B63-9778256180CA}.Debug|Any CPU.ActiveCfg = Debug|Any CPU
		{8BE05AF8-4D58-4BE7-9B63-9778256180CA}.Debug|Any CPU.Build.0 = Debug|Any CPU
		{8BE05AF8-4D58-4BE7-9B63-9778256180CA}.Release|Any CPU.ActiveCfg = Release|Any CPU
		{8BE05AF8-4D58-4BE7-9B63-9778256180CA}.Release|Any CPU.Build.0 = Release|Any CPU
	EndGlobalSection
	GlobalSection(SolutionProperties) = preSolution
		HideSolutionNode = FALSE
	EndGlobalSection
	GlobalSection(ExtensibilityGlobals) = postSolution
		SolutionGuid = {DEBFFB29-F49E-4859-B031-CDC64E9B1AF8}
	EndGlobalSection
EndGlobal
